
Microsoft Visual Studio Solution File, Format Version 12.00
# Visual Studio Version 16
VisualStudioVersion = 16.0.29905.134
MinimumVisualStudioVersion = 10.0.40219.1
Project("{FAE04EC0-301F-11D3-BF4B-00C04F79EFBC}") = "Work_0520", "Work_0520.csproj", "{470CD21B-2F8D-4FDD-897C-6B90000855BE}"
EndProject
Global
	GlobalSection(SolutionConfigurationPlatforms) = preSolution
		Debug|Any CPU = Debug|Any CPU
		Release|Any CPU = Release|Any CPU
	EndGlobalSection
	GlobalSection(ProjectConfigurationPlatforms) = postSolution
		{470CD21B-2F8D-4FDD-897C-6B90000855BE}.Debug|Any CPU.ActiveCfg = Debug|Any CPU
		{470CD21B-2F8D-4FDD-897C-6B90000855BE}.Debug|Any CPU.Build.0 = Debug|Any CPU
		{470CD21B-2F8D-4FDD-897C-6B90000855BE}.Release|Any CPU.ActiveCfg = Release|Any CPU
		{470CD21B-2F8D-4FDD-897C-6B90000855BE}.Release|Any CPU.Build.0 = Release|Any CPU
	EndGlobalSection
	GlobalSection(SolutionProperties) = preSolution
		HideSolutionNode = FALSE
	EndGlobalSection
	GlobalSection(ExtensibilityGlobals) = postSolution
		SolutionGuid = {E44CF022-3737-4668-BF7E-F6ED88C6120E}
	EndGlobalSection
EndGlobal
